Microsoft Visual Studio Solution File, Format Version 12.00
# Visual Studio Version 17
VisualStudioVersion = 17.5.2.0
MinimumVisualStudioVersion = 10.0.40219.1
Project("{FAE04EC0-301F-11D3-BF4B-00C04F79EFBC}") = "json_validator", "json_validator.csproj", "{34A3AD29-9EBF-58ED-E108-174ECA6FDF29}"
EndProject
Global
	GlobalSection(SolutionConfigurationPlatforms) = preSolution
		Debug|Any CPU = Debug|Any CPU
		Release|Any CPU = Release|Any CPU
	EndGlobalSection
	GlobalSection(ProjectConfigurationPlatforms) = postSolution
		{34A3AD29-9EBF-58ED-E108-174ECA6FDF29}.Debug|Any CPU.ActiveCfg = Debug|Any CPU
		{34A3AD29-9EBF-58ED-E108-174ECA6FDF29}.Debug|Any CPU.Build.0 = Debug|Any CPU
		{34A3AD29-9EBF-58ED-E108-174ECA6FDF29}.Release|Any CPU.ActiveCfg = Release|Any CPU
		{34A3AD29-9EBF-58ED-E108-174ECA6FDF29}.Release|Any CPU.Build.0 = Release|Any CPU
	EndGlobalSection
	GlobalSection(SolutionProperties) = preSolution
		HideSolutionNode = FALSE
	EndGlobalSection
	GlobalSection(ExtensibilityGlobals) = postSolution
		SolutionGuid = {596818A4-9E2C-411A-B02F-E8D3C32286E5}
	EndGlobalSection
EndGlobal
